
Microsoft Visual Studio Solution File, Format Version 12.00
# Visual Studio Version 16
VisualStudioVersion = 16.0.32002.261
MinimumVisualStudioVersion = 10.0.40219.1
Project("{FAE04EC0-301F-11D3-BF4B-00C04F79EFBC}") = "Less_1", "Less_1.csproj", "{C3417769-9B4C-4281-A2EC-5325AF2ECBD3}"
EndProject
Global
	GlobalSection(SolutionConfigurationPlatforms) = preSolution
		Debug|Any CPU = Debug|Any CPU
		Release|Any CPU = Release|Any CPU
	EndGlobalSection
	GlobalSection(ProjectConfigurationPlatforms) = postSolution
		{C3417769-9B4C-4281-A2EC-5325AF2ECBD3}.Debug|Any CPU.ActiveCfg = Debug|Any CPU
		{C3417769-9B4C-4281-A2EC-5325AF2ECBD3}.Debug|Any CPU.Build.0 = Debug|Any CPU
		{C3417769-9B4C-4281-A2EC-5325AF2ECBD3}.Release|Any CPU.ActiveCfg = Release|Any CPU
		{C3417769-9B4C-4281-A2EC-5325AF2ECBD3}.Release|Any CPU.Build.0 = Release|Any CPU
	EndGlobalSection
	GlobalSection(SolutionProperties) = preSolution
		HideSolutionNode = FALSE
	EndGlobalSection
	GlobalSection(ExtensibilityGlobals) = postSolution
		SolutionGuid = {1C1F07E0-8239-4372-9DEE-C04B82F9556E}
	EndGlobalSection
EndGlobal
